// !$*UTF8*$!
{
	archiveVersion = 1;
	classes = {
	};
	objectVersion = 52;
	objects = {

/* Begin PBXBuildFile section */
		4C58F60C244110CA001A20EC /* main.swift in Sources */ = {isa = PBXBuildFile; fileRef = 4C58F60B244110CA001A20EC /* main.swift */; };
		4C58F614244110F7001A20EC /* Cerberus in Frameworks */ = {isa = PBXBuildFile; productRef = 4C58F613244110F7001A20EC /* Cerberus */; };
		4C58F61C244112A6001A20EC /* LokaliseGenerator.swift in Sources */ = {isa = PBXBuildFile; fileRef = 4C58F618244112A6001A20EC /* LokaliseGenerator.swift */; };
		4C58F61D244112A6001A20EC /* Parser.swift in Sources */ = {isa = PBXBuildFile; fileRef = 4C58F619244112A6001A20EC /* Parser.swift */; };
		4C58F61E244112A6001A20EC /* ArgumentParser.swift in Sources */ = {isa = PBXBuildFile; fileRef = 4C58F61A244112A6001A20EC /* ArgumentParser.swift */; };
		4C58F61F244112A6001A20EC /* LokaliseModels.swift in Sources */ = {isa = PBXBuildFile; fileRef = 4C58F61B244112A6001A20EC /* LokaliseModels.swift */; };
/* End PBXBuildFile section */

/* Begin PBXCopyFilesBuildPhase section */
		4C58F606244110CA001A20EC /* CopyFiles */ = {
			isa = PBXCopyFilesBuildPhase;
			buildActionMask = 2147483647;
			dstPath = /usr/share/man/man1/;
			dstSubfolderSpec = 0;
			files = (
			);
			runOnlyForDeploymentPostprocessing = 1;
		};
/* End PBXCopyFilesBuildPhase section */

/* Begin PBXFileReference section */
		4C58F608244110CA001A20EC /* LokaliseGenerator */ = {isa = PBXFileReference; explicitFileType = "compiled.mach-o.executable"; includeInIndex = 0; path = LokaliseGenerator; sourceTree = BUILT_PRODUCTS_DIR; };
		4C58F60B244110CA001A20EC /* main.swift */ = {isa = PBXFileReference; lastKnownFileType = sourcecode.swift; path = main.swift; sourceTree = "<group>"; };
		4C58F618244112A6001A20EC /* LokaliseGenerator.swift */ = {isa = PBXFileReference; fileEncoding = 4; lastKnownFileType = sourcecode.swift; path = LokaliseGenerator.swift; sourceTree = "<group>"; };
		4C58F619244112A6001A20EC /* Parser.swift */ = {isa = PBXFileReference; fileEncoding = 4; lastKnownFileType = sourcecode.swift; path = Parser.swift; sourceTree = "<group>"; };
		4C58F61A244112A6001A20EC /* ArgumentParser.swift */ = {isa = PBXFileReference; fileEncoding = 4; lastKnownFileType = sourcecode.swift; path = ArgumentParser.swift; sourceTree = "<group>"; };
		4C58F61B244112A6001A20EC /* LokaliseModels.swift */ = {isa = PBXFileReference; fileEncoding = 4; lastKnownFileType = sourcecode.swift; path = LokaliseModels.swift; sourceTree = "<group>"; };
/* End PBXFileReference section */

/* Begin PBXFrameworksBuildPhase section */
		4C58F605244110CA001A20EC /* Frameworks */ = {
			isa = PBXFrameworksBuildPhase;
			buildActionMask = 2147483647;
			files = (
				4C58F614244110F7001A20EC /* Cerberus in Frameworks */,
			);
			runOnlyForDeploymentPostprocessing = 0;
		};
/* End PBXFrameworksBuildPhase section */

/* Begin PBXGroup section */
		4C58F5FF244110CA001A20EC = {
			isa = PBXGroup;
			children = (
				4C58F60A244110CA001A20EC /* LokaliseGenerator */,
				4C58F609244110CA001A20EC /* Products */,
			);
			sourceTree = "<group>";
		};
		4C58F609244110CA001A20EC /* Products */ = {
			isa = PBXGroup;
			children = (
				4C58F608244110CA001A20EC /* LokaliseGenerator */,
			);
			name = Products;
			sourceTree = "<group>";
		};
		4C58F60A244110CA001A20EC /* LokaliseGenerator */ = {
			isa = PBXGroup;
			children = (
				4C58F61A244112A6001A20EC /* ArgumentParser.swift */,
				4C58F618244112A6001A20EC /* LokaliseGenerator.swift */,
				4C58F61B244112A6001A20EC /* LokaliseModels.swift */,
				4C58F619244112A6001A20EC /* Parser.swift */,
				4C58F60B244110CA001A20EC /* main.swift */,
			);
			path = LokaliseGenerator;
			sourceTree = "<group>";
		};
/* End PBXGroup section */

/* Begin PBXNativeTarget section */
		4C58F607244110CA001A20EC /* LokaliseGenerator */ = {
			isa = PBXNativeTarget;
			buildConfigurationList = 4C58F60F244110CA001A20EC /* Build configuration list for PBXNativeTarget "LokaliseGenerator" */;
			buildPhases = (
				4C58F604244110CA001A20EC /* Sources */,
				4C58F605244110CA001A20EC /* Frameworks */,
				4C58F606244110CA001A20EC /* CopyFiles */,
			);
			buildRules = (
			);
			dependencies = (
			);
			name = LokaliseGenerator;
			packageProductDependencies = (
				4C58F613244110F7001A20EC /* Cerberus */,
			);
			productName = Ooo;
			productReference = 4C58F608244110CA001A20EC /* LokaliseGenerator */;
			productType = "com.apple.product-type.tool";
		};
/* End PBXNativeTarget section */

/* Begin PBXProject section */
		4C58F600244110CA001A20EC /* Project object */ = {
			isa = PBXProject;
			attributes = {
				LastSwiftUpdateCheck = 1130;
				LastUpgradeCheck = 1130;
				ORGANIZATIONNAME = "Morgan Collino";
				TargetAttributes = {
					4C58F607244110CA001A20EC = {
						CreatedOnToolsVersion = 11.3.1;
					};
				};
			};
			buildConfigurationList = 4C58F603244110CA001A20EC /* Build configuration list for PBXProject "LokaliseGenerator" */;
			compatibilityVersion = "Xcode 9.3";
			developmentRegion = en;
			hasScannedForEncodings = 0;
			knownRegions = (
				en,
				Base,
			);
			mainGroup = 4C58F5FF244110CA001A20EC;
			packageReferences = (
				4C58F612244110F7001A20EC /* XCRemoteSwiftPackageReference "Cerberus" */,
			);
			productRefGroup = 4C58F609244110CA001A20EC /* Products */;
			projectDirPath = "";
			projectRoot = "";
			targets = (
				4C58F607244110CA001A20EC /* LokaliseGenerator */,
			);
		};
/* End PBXProject section */

/* Begin PBXSourcesBuildPhase section */
		4C58F604244110CA001A20EC /* Sources */ = {
			isa = PBXSourcesBuildPhase;
			buildActionMask = 2147483647;
			files = (
				4C58F60C244110CA001A20EC /* main.swift in Sources */,
				4C58F61C244112A6001A20EC /* LokaliseGenerator.swift in Sources */,
				4C58F61D244112A6001A20EC /* Parser.swift in Sources */,
				4C58F61F244112A6001A20EC /* LokaliseModels.swift in Sources */,
				4C58F61E244112A6001A20EC /* ArgumentParser.swift in Sources */,
			);
			runOnlyForDeploymentPostprocessing = 0;
		};
/* End PBXSourcesBuildPhase section */

/* Begin XCBuildConfiguration section */
		4C58F60D244110CA001A20EC /* Debug */ = {
			isa = XCBuildConfiguration;
			buildSettings = {
				ALWAYS_SEARCH_USER_PATHS = NO;
				CLANG_ANALYZER_NONNULL = YES;
				CLANG_ANALYZER_NUMBER_OBJECT_CONVERSION = YES_AGGRESSIVE;
				CLANG_CXX_LANGUAGE_STANDARD = "gnu++14";
				CLANG_CXX_LIBRARY = "libc++";
				CLANG_ENABLE_MODULES = YES;
				CLANG_ENABLE_OBJC_ARC = YES;
				CLANG_ENABLE_OBJC_WEAK = YES;
				CLANG_WARN_BLOCK_CAPTURE_AUTORELEASING = YES;
				CLANG_WARN_BOOL_CONVERSION = YES;
				CLANG_WARN_COMMA = YES;
				CLANG_WARN_CONSTANT_CONVERSION = YES;
				CLANG_WARN_DEPRECATED_OBJC_IMPLEMENTATIONS = YES;
				CLANG_WARN_DIRECT_OBJC_ISA_USAGE = YES_ERROR;
				CLANG_WARN_DOCUMENTATION_COMMENTS = YES;
				CLANG_WARN_EMPTY_BODY = YES;
				CLANG_WARN_ENUM_CONVERSION = YES;
				CLANG_WARN_INFINITE_RECURSION = YES;
				CLANG_WARN_INT_CONVERSION = YES;
				CLANG_WARN_NON_LITERAL_NULL_CONVERSION = YES;
				CLANG_WARN_OBJC_IMPLICIT_RETAIN_SELF = YES;
				CLANG_WARN_OBJC_LITERAL_CONVERSION = YES;
				CLANG_WARN_OBJC_ROOT_CLASS = YES_ERROR;
				CLANG_WARN_RANGE_LOOP_ANALYSIS = YES;
				CLANG_WARN_STRICT_PROTOTYPES = YES;
				CLANG_WARN_SUSPICIOUS_MOVE = YES;
				CLANG_WARN_UNGUARDED_AVAILABILITY = YES_AGGRESSIVE;
				CLANG_WARN_UNREACHABLE_CODE = YES;
				CLANG_WARN__DUPLICATE_METHOD_MATCH = YES;
				COPY_PHASE_STRIP = NO;
				DEBUG_INFORMATION_FORMAT = dwarf;
				ENABLE_STRICT_OBJC_MSGSEND = YES;
				ENABLE_TESTABILITY = YES;
				GCC_C_LANGUAGE_STANDARD = gnu11;
				GCC_DYNAMIC_NO_PIC = NO;
				GCC_NO_COMMON_BLOCKS = YES;
				GCC_OPTIMIZATION_LEVEL = 0;
				GCC_PREPROCESSOR_DEFINITIONS = (
					"DEBUG=1",
					"$(inherited)",
				);
				GCC_WARN_64_TO_32_BIT_CONVERSION = YES;
				GCC_WARN_ABOUT_RETURN_TYPE = YES_ERROR;
				GCC_WARN_UNDECLARED_SELECTOR = YES;
				GCC_WARN_UNINITIALIZED_AUTOS = YES_AGGRESSIVE;
				GCC_WARN_UNUSED_FUNCTION = YES;
				GCC_WARN_UNUSED_VARIABLE = YES;
				MACOSX_DEPLOYMENT_TARGET = 10.15;
				MTL_ENABLE_DEBUG_INFO = INCLUDE_SOURCE;
				MTL_FAST_MATH = YES;
				ONLY_ACTIVE_ARCH = YES;
				SDKROOT = macosx;
				SWIFT_ACTIVE_COMPILATION_CONDITIONS = DEBUG;
				SWIFT_OPTIMIZATION_LEVEL = "-Onone";
			};
			name = Debug;
		};
		4C58F60E244110CA001A20EC /* Release */ = {
			isa = XCBuildConfiguration;
			buildSettings = {
				ALWAYS_SEARCH_USER_PATHS = NO;
				CLANG_ANALYZER_NONNULL = YES;
				CLANG_ANALYZER_NUMBER_OBJECT_CONVERSION = YES_AGGRESSIVE;
				CLANG_CXX_LANGUAGE_STANDARD = "gnu++14";
				CLANG_CXX_LIBRARY = "libc++";
				CLANG_ENABLE_MODULES = YES;
				CLANG_ENABLE_OBJC_ARC = YES;
				CLANG_ENABLE_OBJC_WEAK = YES;
				CLANG_WARN_BLOCK_CAPTURE_AUTORELEASING = YES;
				CLANG_WARN_BOOL_CONVERSION = YES;
				CLANG_WARN_COMMA = YES;
				CLANG_WARN_CONSTANT_CONVERSION = YES;
				CLANG_WARN_DEPRECATED_OBJC_IMPLEMENTATIONS = YES;
				CLANG_WARN_DIRECT_OBJC_ISA_USAGE = YES_ERROR;
				CLANG_WARN_DOCUMENTATION_COMMENTS = YES;
				CLANG_WARN_EMPTY_BODY = YES;
				CLANG_WARN_ENUM_CONVERSION = YES;
				CLANG_WARN_INFINITE_RECURSION = YES;
				CLANG_WARN_INT_CONVERSION = YES;
				CLANG_WARN_NON_LITERAL_NULL_CONVERSION = YES;
				CLANG_WARN_OBJC_IMPLICIT_RETAIN_SELF = YES;
				CLANG_WARN_OBJC_LITERAL_CONVERSION = YES;
				CLANG_WARN_OBJC_ROOT_CLASS = YES_ERROR;
				CLANG_WARN_RANGE_LOOP_ANALYSIS = YES;
				CLANG_WARN_STRICT_PROTOTYPES = YES;
				CLANG_WARN_SUSPICIOUS_MOVE = YES;
				CLANG_WARN_UNGUARDED_AVAILABILITY = YES_AGGRESSIVE;
				CLANG_WARN_UNREACHABLE_CODE = YES;
				CLANG_WARN__DUPLICATE_METHOD_MATCH = YES;
				COPY_PHASE_STRIP = NO;
				DEBUG_INFORMATION_FORMAT = "dwarf-with-dsym";
				ENABLE_NS_ASSERTIONS = NO;
				ENABLE_STRICT_OBJC_MSGSEND = YES;
				GCC_C_LANGUAGE_STANDARD = gnu11;
				GCC_NO_COMMON_BLOCKS = YES;
				GCC_WARN_64_TO_32_BIT_CONVERSION = YES;
				GCC_WARN_ABOUT_RETURN_TYPE = YES_ERROR;
				GCC_WARN_UNDECLARED_SELECTOR = YES;
				GCC_WARN_UNINITIALIZED_AUTOS = YES_AGGRESSIVE;
				GCC_WARN_UNUSED_FUNCTION = YES;
				GCC_WARN_UNUSED_VARIABLE = YES;
				MACOSX_DEPLOYMENT_TARGET = 10.15;
				MTL_ENABLE_DEBUG_INFO = NO;
				MTL_FAST_MATH = YES;
				SDKROOT = macosx;
				SWIFT_COMPILATION_MODE = wholemodule;
				SWIFT_OPTIMIZATION_LEVEL = "-O";
			};
			name = Release;
		};
		4C58F610244110CA001A20EC /* Debug */ = {
			isa = XCBuildConfiguration;
			buildSettings = {
				CODE_SIGN_STYLE = Automatic;
				DEVELOPMENT_TEAM = 9L59Z6SUZM;
				ENABLE_HARDENED_RUNTIME = YES;
				PRODUCT_NAME = "$(TARGET_NAME)";
				SWIFT_VERSION = 5.0;
			};
			name = Debug;
		};
		4C58F611244110CA001A20EC /* Release */ = {
			isa = XCBuildConfiguration;
			buildSettings = {
				CODE_SIGN_STYLE = Automatic;
				DEVELOPMENT_TEAM = 9L59Z6SUZM;
				ENABLE_HARDENED_RUNTIME = YES;
				PRODUCT_NAME = "$(TARGET_NAME)";
				SWIFT_VERSION = 5.0;
			};
			name = Release;
		};
/* End XCBuildConfiguration section */

/* Begin XCConfigurationList section */
		4C58F603244110CA001A20EC /* Build configuration list for PBXProject "LokaliseGenerator" */ = {
			isa = XCConfigurationList;
			buildConfigurations = (
				4C58F60D244110CA001A20EC /* Debug */,
				4C58F60E244110CA001A20EC /* Release */,
			);
			defaultConfigurationIsVisible = 0;
			defaultConfigurationName = Release;
		};
		4C58F60F244110CA001A20EC /* Build configuration list for PBXNativeTarget "LokaliseGenerator" */ = {
			isa = XCConfigurationList;
			buildConfigurations = (
				4C58F610244110CA001A20EC /* Debug */,
				4C58F611244110CA001A20EC /* Release */,
			);
			defaultConfigurationIsVisible = 0;
			defaultConfigurationName = Release;
		};
/* End XCConfigurationList section */

/* Begin XCRemoteSwiftPackageReference section */
		4C58F612244110F7001A20EC /* XCRemoteSwiftPackageReference "Cerberus" */ = {
			isa = XCRemoteSwiftPackageReference;
			repositoryURL = "https://github.com/Xodia/Cerberus";
			requirement = {
				branch = master;
				kind = branch;
			};
		};
/* End XCRemoteSwiftPackageReference section */

/* Begin XCSwiftPackageProductDependency section */
		4C58F613244110F7001A20EC /* Cerberus */ = {
			isa = XCSwiftPackageProductDependency;
			package = 4C58F612244110F7001A20EC /* XCRemoteSwiftPackageReference "Cerberus" */;
			productName = Cerberus;
		};
/* End XCSwiftPackageProductDependency section */
	};
	rootObject = 4C58F600244110CA001A20EC /* Project object */;
}
